
Microsoft Visual Studio Solution File, Format Version 12.00
# Visual Studio Version 17
VisualStudioVersion = 17.7.34031.279
MinimumVisualStudioVersion = 10.0.40219.1
Project("{FAE04EC0-301F-11D3-BF4B-00C04F79EFBC}") = "ConsoleApp1", "ConsoleApp1.csproj", "{7EBC16B0-FEE6-4379-B28E-921DDB6659AB}"
EndProject
Global
	GlobalSection(SolutionConfigurationPlatforms) = preSolution
		Debug|Any CPU = Debug|Any CPU
		Release|Any CPU = Release|Any CPU
	EndGlobalSection
	GlobalSection(ProjectConfigurationPlatforms) = postSolution
		{7EBC16B0-FEE6-4379-B28E-921DDB6659AB}.Debug|Any CPU.ActiveCfg = Debug|Any CPU
		{7EBC16B0-FEE6-4379-B28E-921DDB6659AB}.Debug|Any CPU.Build.0 = Debug|Any CPU
		{7EBC16B0-FEE6-4379-B28E-921DDB6659AB}.Release|Any CPU.ActiveCfg = Release|Any CPU
		{7EBC16B0-FEE6-4379-B28E-921DDB6659AB}.Release|Any CPU.Build.0 = Release|Any CPU
	EndGlobalSection
	GlobalSection(SolutionProperties) = preSolution
		HideSolutionNode = FALSE
	EndGlobalSection
	GlobalSection(ExtensibilityGlobals) = postSolution
		SolutionGuid = {C9418FF9-320B-48DC-B147-5DE207E47851}
	EndGlobalSection
EndGlobal
