
Microsoft Visual Studio Solution File, Format Version 12.00
# Visual Studio Version 17
VisualStudioVersion = 17.7.34018.315
MinimumVisualStudioVersion = 10.0.40219.1
Project("{FAE04EC0-301F-11D3-BF4B-00C04F79EFBC}") = "Polynomials", "Polynomials\Polynomials.csproj", "{23745BAD-F911-4822-8403-4E8718ACCE13}"
EndProject
Global
	GlobalSection(SolutionConfigurationPlatforms) = preSolution
		Debug|Any CPU = Debug|Any CPU
		Release|Any CPU = Release|Any CPU
	EndGlobalSection
	GlobalSection(ProjectConfigurationPlatforms) = postSolution
		{23745BAD-F911-4822-8403-4E8718ACCE13}.Debug|Any CPU.ActiveCfg = Debug|Any CPU
		{23745BAD-F911-4822-8403-4E8718ACCE13}.Debug|Any CPU.Build.0 = Debug|Any CPU
		{23745BAD-F911-4822-8403-4E8718ACCE13}.Release|Any CPU.ActiveCfg = Release|Any CPU
		{23745BAD-F911-4822-8403-4E8718ACCE13}.Release|Any CPU.Build.0 = Release|Any CPU
	EndGlobalSection
	GlobalSection(SolutionProperties) = preSolution
		HideSolutionNode = FALSE
	EndGlobalSection
	GlobalSection(ExtensibilityGlobals) = postSolution
		SolutionGuid = {0FE534F1-53CD-4CF5-A0CC-7A5CB367B526}
	EndGlobalSection
EndGlobal
