
Microsoft Visual Studio Solution File, Format Version 12.00
# Visual Studio Version 17
VisualStudioVersion = 17.7.34031.279
MinimumVisualStudioVersion = 10.0.40219.1
Project("{FAE04EC0-301F-11D3-BF4B-00C04F79EFBC}") = "ConsoleApp1", "ConsoleApp1.csproj", "{1E86DFE4-BC9A-46B6-9CCE-B7CD32805E7E}"
EndProject
Global
	GlobalSection(SolutionConfigurationPlatforms) = preSolution
		Debug|Any CPU = Debug|Any CPU
		Release|Any CPU = Release|Any CPU
	EndGlobalSection
	GlobalSection(ProjectConfigurationPlatforms) = postSolution
		{1E86DFE4-BC9A-46B6-9CCE-B7CD32805E7E}.Debug|Any CPU.ActiveCfg = Debug|Any CPU
		{1E86DFE4-BC9A-46B6-9CCE-B7CD32805E7E}.Debug|Any CPU.Build.0 = Debug|Any CPU
		{1E86DFE4-BC9A-46B6-9CCE-B7CD32805E7E}.Release|Any CPU.ActiveCfg = Release|Any CPU
		{1E86DFE4-BC9A-46B6-9CCE-B7CD32805E7E}.Release|Any CPU.Build.0 = Release|Any CPU
	EndGlobalSection
	GlobalSection(SolutionProperties) = preSolution
		HideSolutionNode = FALSE
	EndGlobalSection
	GlobalSection(ExtensibilityGlobals) = postSolution
		SolutionGuid = {93463D62-4CBA-4FBB-84B6-BEFA6E67E2BB}
	EndGlobalSection
EndGlobal
