
Microsoft Visual Studio Solution File, Format Version 12.00
# Visual Studio Version 17
VisualStudioVersion = 17.7.34031.279
MinimumVisualStudioVersion = 10.0.40219.1
Project("{FAE04EC0-301F-11D3-BF4B-00C04F79EFBC}") = "Console_Tester_Task5.3D", "Console_Tester_Task5.3D.csproj", "{8668A1BE-DD2E-4803-9A47-5BE184C9EB71}"
EndProject
Global
	GlobalSection(SolutionConfigurationPlatforms) = preSolution
		Debug|Any CPU = Debug|Any CPU
		Release|Any CPU = Release|Any CPU
	EndGlobalSection
	GlobalSection(ProjectConfigurationPlatforms) = postSolution
		{8668A1BE-DD2E-4803-9A47-5BE184C9EB71}.Debug|Any CPU.ActiveCfg = Debug|Any CPU
		{8668A1BE-DD2E-4803-9A47-5BE184C9EB71}.Debug|Any CPU.Build.0 = Debug|Any CPU
		{8668A1BE-DD2E-4803-9A47-5BE184C9EB71}.Release|Any CPU.ActiveCfg = Release|Any CPU
		{8668A1BE-DD2E-4803-9A47-5BE184C9EB71}.Release|Any CPU.Build.0 = Release|Any CPU
	EndGlobalSection
	GlobalSection(SolutionProperties) = preSolution
		HideSolutionNode = FALSE
	EndGlobalSection
	GlobalSection(ExtensibilityGlobals) = postSolution
		SolutionGuid = {CB982761-499D-4EF4-937C-AEFA493F7FE8}
	EndGlobalSection
EndGlobal
