
Microsoft Visual Studio Solution File, Format Version 12.00
# Visual Studio Version 17
VisualStudioVersion = 17.6.33829.357
MinimumVisualStudioVersion = 10.0.40219.1
Project("{FAE04EC0-301F-11D3-BF4B-00C04F79EFBC}") = "Account", "Account.csproj", "{95220367-C2A1-44DA-90B7-8291294BAE85}"
EndProject
Global
	GlobalSection(SolutionConfigurationPlatforms) = preSolution
		Debug|Any CPU = Debug|Any CPU
		Release|Any CPU = Release|Any CPU
	EndGlobalSection
	GlobalSection(ProjectConfigurationPlatforms) = postSolution
		{95220367-C2A1-44DA-90B7-8291294BAE85}.Debug|Any CPU.ActiveCfg = Debug|Any CPU
		{95220367-C2A1-44DA-90B7-8291294BAE85}.Debug|Any CPU.Build.0 = Debug|Any CPU
		{95220367-C2A1-44DA-90B7-8291294BAE85}.Release|Any CPU.ActiveCfg = Release|Any CPU
		{95220367-C2A1-44DA-90B7-8291294BAE85}.Release|Any CPU.Build.0 = Release|Any CPU
	EndGlobalSection
	GlobalSection(SolutionProperties) = preSolution
		HideSolutionNode = FALSE
	EndGlobalSection
	GlobalSection(ExtensibilityGlobals) = postSolution
		SolutionGuid = {D1815817-871B-45C3-B88D-9C8F0A7BB2E7}
	EndGlobalSection
EndGlobal
