
Microsoft Visual Studio Solution File, Format Version 12.00
# Visual Studio Version 17
VisualStudioVersion = 17.6.33829.357
MinimumVisualStudioVersion = 10.0.40219.1
Project("{FAE04EC0-301F-11D3-BF4B-00C04F79EFBC}") = "EmployeeSalaryManagment", "EmployeeSalaryManagment.csproj", "{595FA3EC-D2FC-4957-AD60-3C03EF95C381}"
EndProject
Global
	GlobalSection(SolutionConfigurationPlatforms) = preSolution
		Debug|Any CPU = Debug|Any CPU
		Release|Any CPU = Release|Any CPU
	EndGlobalSection
	GlobalSection(ProjectConfigurationPlatforms) = postSolution
		{595FA3EC-D2FC-4957-AD60-3C03EF95C381}.Debug|Any CPU.ActiveCfg = Debug|Any CPU
		{595FA3EC-D2FC-4957-AD60-3C03EF95C381}.Debug|Any CPU.Build.0 = Debug|Any CPU
		{595FA3EC-D2FC-4957-AD60-3C03EF95C381}.Release|Any CPU.ActiveCfg = Release|Any CPU
		{595FA3EC-D2FC-4957-AD60-3C03EF95C381}.Release|Any CPU.Build.0 = Release|Any CPU
	EndGlobalSection
	GlobalSection(SolutionProperties) = preSolution
		HideSolutionNode = FALSE
	EndGlobalSection
	GlobalSection(ExtensibilityGlobals) = postSolution
		SolutionGuid = {7A229F4E-76DD-467F-88DB-384DF9273D04}
	EndGlobalSection
EndGlobal
