
Microsoft Visual Studio Solution File, Format Version 12.00
# Visual Studio Version 17
VisualStudioVersion = 17.6.33829.357
MinimumVisualStudioVersion = 10.0.40219.1
Project("{FAE04EC0-301F-11D3-BF4B-00C04F79EFBC}") = "Program7", "Program7.csproj", "{0ADEFEA7-E762-45FD-AC58-CBE992C9749C}"
EndProject
Global
	GlobalSection(SolutionConfigurationPlatforms) = preSolution
		Debug|Any CPU = Debug|Any CPU
		Release|Any CPU = Release|Any CPU
	EndGlobalSection
	GlobalSection(ProjectConfigurationPlatforms) = postSolution
		{0ADEFEA7-E762-45FD-AC58-CBE992C9749C}.Debug|Any CPU.ActiveCfg = Debug|Any CPU
		{0ADEFEA7-E762-45FD-AC58-CBE992C9749C}.Debug|Any CPU.Build.0 = Debug|Any CPU
		{0ADEFEA7-E762-45FD-AC58-CBE992C9749C}.Release|Any CPU.ActiveCfg = Release|Any CPU
		{0ADEFEA7-E762-45FD-AC58-CBE992C9749C}.Release|Any CPU.Build.0 = Release|Any CPU
	EndGlobalSection
	GlobalSection(SolutionProperties) = preSolution
		HideSolutionNode = FALSE
	EndGlobalSection
	GlobalSection(ExtensibilityGlobals) = postSolution
		SolutionGuid = {02126FFE-8D82-4D0A-A3C0-A86C0954C2DD}
	EndGlobalSection
EndGlobal
