
Microsoft Visual Studio Solution File, Format Version 12.00
# Visual Studio Version 17
VisualStudioVersion = 17.6.33829.357
MinimumVisualStudioVersion = 10.0.40219.1
Project("{FAE04EC0-301F-11D3-BF4B-00C04F79EFBC}") = "SwitchStatement", "SwitchStatement.csproj", "{FA5E4A73-0246-4D5D-BCFE-6D7DCB06AAE4}"
EndProject
Global
	GlobalSection(SolutionConfigurationPlatforms) = preSolution
		Debug|Any CPU = Debug|Any CPU
		Release|Any CPU = Release|Any CPU
	EndGlobalSection
	GlobalSection(ProjectConfigurationPlatforms) = postSolution
		{FA5E4A73-0246-4D5D-BCFE-6D7DCB06AAE4}.Debug|Any CPU.ActiveCfg = Debug|Any CPU
		{FA5E4A73-0246-4D5D-BCFE-6D7DCB06AAE4}.Debug|Any CPU.Build.0 = Debug|Any CPU
		{FA5E4A73-0246-4D5D-BCFE-6D7DCB06AAE4}.Release|Any CPU.ActiveCfg = Release|Any CPU
		{FA5E4A73-0246-4D5D-BCFE-6D7DCB06AAE4}.Release|Any CPU.Build.0 = Release|Any CPU
	EndGlobalSection
	GlobalSection(SolutionProperties) = preSolution
		HideSolutionNode = FALSE
	EndGlobalSection
	GlobalSection(ExtensibilityGlobals) = postSolution
		SolutionGuid = {F130DDDD-CC07-43A8-956D-ADF02925B5C9}
	EndGlobalSection
EndGlobal
