
Microsoft Visual Studio Solution File, Format Version 12.00
# Visual Studio Version 17
VisualStudioVersion = 17.6.33829.357
MinimumVisualStudioVersion = 10.0.40219.1
Project("{FAE04EC0-301F-11D3-BF4B-00C04F79EFBC}") = "Docasting", "Docasting.csproj", "{37086AE2-5E4C-49CB-92BE-DA2BF8BFDBB9}"
EndProject
Global
	GlobalSection(SolutionConfigurationPlatforms) = preSolution
		Debug|Any CPU = Debug|Any CPU
		Release|Any CPU = Release|Any CPU
	EndGlobalSection
	GlobalSection(ProjectConfigurationPlatforms) = postSolution
		{37086AE2-5E4C-49CB-92BE-DA2BF8BFDBB9}.Debug|Any CPU.ActiveCfg = Debug|Any CPU
		{37086AE2-5E4C-49CB-92BE-DA2BF8BFDBB9}.Debug|Any CPU.Build.0 = Debug|Any CPU
		{37086AE2-5E4C-49CB-92BE-DA2BF8BFDBB9}.Release|Any CPU.ActiveCfg = Release|Any CPU
		{37086AE2-5E4C-49CB-92BE-DA2BF8BFDBB9}.Release|Any CPU.Build.0 = Release|Any CPU
	EndGlobalSection
	GlobalSection(SolutionProperties) = preSolution
		HideSolutionNode = FALSE
	EndGlobalSection
	GlobalSection(ExtensibilityGlobals) = postSolution
		SolutionGuid = {DCA4C05B-2020-4F7D-A9D6-52488BE7C63A}
	EndGlobalSection
EndGlobal
