
Microsoft Visual Studio Solution File, Format Version 12.00
# Visual Studio Version 17
VisualStudioVersion = 17.7.34031.279
MinimumVisualStudioVersion = 10.0.40219.1
Project("{FAE04EC0-301F-11D3-BF4B-00C04F79EFBC}") = "GuessTheOuput", "GuessTheOuput.csproj", "{9D30ED17-2138-4FA7-822C-5796B2165201}"
EndProject
Global
	GlobalSection(SolutionConfigurationPlatforms) = preSolution
		Debug|Any CPU = Debug|Any CPU
		Release|Any CPU = Release|Any CPU
	EndGlobalSection
	GlobalSection(ProjectConfigurationPlatforms) = postSolution
		{9D30ED17-2138-4FA7-822C-5796B2165201}.Debug|Any CPU.ActiveCfg = Debug|Any CPU
		{9D30ED17-2138-4FA7-822C-5796B2165201}.Debug|Any CPU.Build.0 = Debug|Any CPU
		{9D30ED17-2138-4FA7-822C-5796B2165201}.Release|Any CPU.ActiveCfg = Release|Any CPU
		{9D30ED17-2138-4FA7-822C-5796B2165201}.Release|Any CPU.Build.0 = Release|Any CPU
	EndGlobalSection
	GlobalSection(SolutionProperties) = preSolution
		HideSolutionNode = FALSE
	EndGlobalSection
	GlobalSection(ExtensibilityGlobals) = postSolution
		SolutionGuid = {2FB3AD78-C6FE-480A-98EC-7720ED56FA6E}
	EndGlobalSection
EndGlobal
